
Microsoft Visual Studio Solution File, Format Version 11.00
# Visual Studio 2010
Project("{FAE04EC0-301F-11D3-BF4B-00C04F79EFBC}") = "Assembly-CSharp", "Assembly-CSharp.csproj", "{103B621D-B522-64DD-FD94-EA23856A1BF5}"
EndProject
Project("{FAE04EC0-301F-11D3-BF4B-00C04F79EFBC}") = "Assembly-CSharp-Editor", "Assembly-CSharp-Editor.csproj", "{3F468E3E-4BF0-2711-2945-52115CD09B74}"
EndProject
Global
	GlobalSection(SolutionConfigurationPlatforms) = preSolution
		Debug|Any CPU = Debug|Any CPU
		Release|Any CPU = Release|Any CPU
	EndGlobalSection
	GlobalSection(ProjectConfigurationPlatforms) = postSolution
		{103B621D-B522-64DD-FD94-EA23856A1BF5}.Debug|Any CPU.ActiveCfg = Debug|Any CPU
		{103B621D-B522-64DD-FD94-EA23856A1BF5}.Debug|Any CPU.Build.0 = Debug|Any CPU
		{103B621D-B522-64DD-FD94-EA23856A1BF5}.Release|Any CPU.ActiveCfg = Release|Any CPU
		{103B621D-B522-64DD-FD94-EA23856A1BF5}.Release|Any CPU.Build.0 = Release|Any CPU
		{3F468E3E-4BF0-2711-2945-52115CD09B74}.Debug|Any CPU.ActiveCfg = Debug|Any CPU
		{3F468E3E-4BF0-2711-2945-52115CD09B74}.Debug|Any CPU.Build.0 = Debug|Any CPU
		{3F468E3E-4BF0-2711-2945-52115CD09B74}.Release|Any CPU.ActiveCfg = Release|Any CPU
		{3F468E3E-4BF0-2711-2945-52115CD09B74}.Release|Any CPU.Build.0 = Release|Any CPU
	EndGlobalSection
	GlobalSection(SolutionProperties) = preSolution
		HideSolutionNode = FALSE
	EndGlobalSection
EndGlobal
